
Microsoft Visual Studio Solution File, Format Version 12.00
# Visual Studio Version 17
VisualStudioVersion = 17.14.36310.24
MinimumVisualStudioVersion = 10.0.40219.1
Project("{FAE04EC0-301F-11D3-BF4B-00C04F79EFBC}") = "QT.Packaging.Main", "QT.Packaging.Main\QT.Packaging.Main.csproj", "{DA93219B-F835-A242-3D3E-2C6F09ED4891}"
EndProject
Project("{FAE04EC0-301F-11D3-BF4B-00C04F79EFBC}") = "QT.Packaging.Main.Android", "QT.Packaging.Main.Android\QT.Packaging.Main.Android.csproj", "{CD3FE7EC-490D-EB17-ADA5-80DE05B7EE0A}"
EndProject
Project("{FAE04EC0-301F-11D3-BF4B-00C04F79EFBC}") = "QT.Packaging.Main.Browser", "QT.Packaging.Main.Browser\QT.Packaging.Main.Browser.csproj", "{4230911E-C472-F051-40E7-0A2E5EEED926}"
EndProject
Project("{FAE04EC0-301F-11D3-BF4B-00C04F79EFBC}") = "QT.Packaging.Main.Desktop", "QT.Packaging.Main.Desktop\QT.Packaging.Main.Desktop.csproj", "{1DBBA819-3DCD-D220-04D7-6B546443977E}"
EndProject
Project("{FAE04EC0-301F-11D3-BF4B-00C04F79EFBC}") = "QT.Packaging.Base", "QT.Packaging.Base\QT.Packaging.Base.csproj", "{2744C03F-BDC1-48AC-B8F4-6EA0138DCDA9}"
EndProject
Project("{FAE04EC0-301F-11D3-BF4B-00C04F79EFBC}") = "QT.Packaging.Robot", "QT.Packaging.Robot\QT.Packaging.Robot\QT.Packaging.Robot.csproj", "{A31CE849-5685-45FE-B851-B6C1E771902B}"
EndProject
Project("{FAE04EC0-301F-11D3-BF4B-00C04F79EFBC}") = "QT.Packaging.Robot.Android", "QT.Packaging.Robot\QT.Packaging.Robot.Android\QT.Packaging.Robot.Android.csproj", "{47387714-A711-4890-8137-DD3D37E895ED}"
EndProject
Project("{FAE04EC0-301F-11D3-BF4B-00C04F79EFBC}") = "QT.Packaging.Robot.Desktop", "QT.Packaging.Robot\QT.Packaging.Robot.Desktop\QT.Packaging.Robot.Desktop.csproj", "{D4D80982-FFD0-4E86-B2DD-603EC7D10B91}"
EndProject
Project("{FAE04EC0-301F-11D3-BF4B-00C04F79EFBC}") = "QT.Packaging.Robot.iOS", "QT.Packaging.Robot\QT.Packaging.Robot.iOS\QT.Packaging.Robot.iOS.csproj", "{1209E158-BCAB-479D-AE61-50830B50CCF9}"
EndProject
Project("{FAE04EC0-301F-11D3-BF4B-00C04F79EFBC}") = "QT.Packaging.Robot.Browser", "QT.Packaging.Robot\QT.Packaging.Robot.Browser\QT.Packaging.Robot.Browser.csproj", "{CAB57B68-304F-4787-8671-CE6727C80545}"
EndProject
Project("{FAE04EC0-301F-11D3-BF4B-00C04F79EFBC}") = "QT.Packaging.VisionPrinter", "QT.Packaging.VisionPrinter\QT.Packaging.VisionPrinter\QT.Packaging.VisionPrinter.csproj", "{C7ABC798-13A7-4631-A039-0423D306B80B}"
EndProject
Project("{FAE04EC0-301F-11D3-BF4B-00C04F79EFBC}") = "QT.Packaging.VisionPrinter.Android", "QT.Packaging.VisionPrinter\QT.Packaging.VisionPrinter.Android\QT.Packaging.VisionPrinter.Android.csproj", "{4224BA37-264A-4FE8-ADA5-BFE5D0CCD43B}"
EndProject
Project("{FAE04EC0-301F-11D3-BF4B-00C04F79EFBC}") = "QT.Packaging.VisionPrinter.Desktop", "QT.Packaging.VisionPrinter\QT.Packaging.VisionPrinter.Desktop\QT.Packaging.VisionPrinter.Desktop.csproj", "{AD874E89-39D1-4ACB-8BD3-BAA84BEB17D7}"
EndProject
Project("{FAE04EC0-301F-11D3-BF4B-00C04F79EFBC}") = "QT.Packaging.VisionPrinter.iOS", "QT.Packaging.VisionPrinter\QT.Packaging.VisionPrinter.iOS\QT.Packaging.VisionPrinter.iOS.csproj", "{7EE7BCEA-57E0-43C1-816E-5C2BE6F848BC}"
EndProject
Project("{FAE04EC0-301F-11D3-BF4B-00C04F79EFBC}") = "QT.Packaging.VisionPrinter.Browser", "QT.Packaging.VisionPrinter\QT.Packaging.VisionPrinter.Browser\QT.Packaging.VisionPrinter.Browser.csproj", "{823A66F2-863F-487E-8733-5B1EA3174107}"
EndProject
Project("{FAE04EC0-301F-11D3-BF4B-00C04F79EFBC}") = "QT.Packaging.SealDetection", "QT.Packaging.SealDetection\QT.Packaging.SealDetection\QT.Packaging.SealDetection.csproj", "{2888DA6B-3F0D-4CEA-AFCE-CC98247046D8}"
EndProject
Project("{FAE04EC0-301F-11D3-BF4B-00C04F79EFBC}") = "QT.Packaging.SealDetection.Android", "QT.Packaging.SealDetection\QT.Packaging.SealDetection.Android\QT.Packaging.SealDetection.Android.csproj", "{A001FD73-7B23-4360-994D-40D5074C052F}"
EndProject
Project("{FAE04EC0-301F-11D3-BF4B-00C04F79EFBC}") = "QT.Packaging.SealDetection.Desktop", "QT.Packaging.SealDetection\QT.Packaging.SealDetection.Desktop\QT.Packaging.SealDetection.Desktop.csproj", "{0FF3F08D-FBA3-4CD4-968B-EB117AB6C186}"
EndProject
Project("{FAE04EC0-301F-11D3-BF4B-00C04F79EFBC}") = "QT.Packaging.SealDetection.iOS", "QT.Packaging.SealDetection\QT.Packaging.SealDetection.iOS\QT.Packaging.SealDetection.iOS.csproj", "{63ED7743-E55D-4252-B08F-BD689AD53CD1}"
EndProject
Project("{FAE04EC0-301F-11D3-BF4B-00C04F79EFBC}") = "QT.Packaging.SealDetection.Browser", "QT.Packaging.SealDetection\QT.Packaging.SealDetection.Browser\QT.Packaging.SealDetection.Browser.csproj", "{9E3D9171-89EE-4BD7-8EC6-A8339138008E}"
EndProject
Global
	GlobalSection(SolutionConfigurationPlatforms) = preSolution
		Debug|Any CPU = Debug|Any CPU
		Release|Any CPU = Release|Any CPU
	EndGlobalSection
	GlobalSection(ProjectConfigurationPlatforms) = postSolution
		{DA93219B-F835-A242-3D3E-2C6F09ED4891}.Debug|Any CPU.ActiveCfg = Debug|Any CPU
		{DA93219B-F835-A242-3D3E-2C6F09ED4891}.Debug|Any CPU.Build.0 = Debug|Any CPU
		{DA93219B-F835-A242-3D3E-2C6F09ED4891}.Release|Any CPU.ActiveCfg = Release|Any CPU
		{DA93219B-F835-A242-3D3E-2C6F09ED4891}.Release|Any CPU.Build.0 = Release|Any CPU
		{CD3FE7EC-490D-EB17-ADA5-80DE05B7EE0A}.Debug|Any CPU.ActiveCfg = Debug|Any CPU
		{CD3FE7EC-490D-EB17-ADA5-80DE05B7EE0A}.Debug|Any CPU.Build.0 = Debug|Any CPU
		{CD3FE7EC-490D-EB17-ADA5-80DE05B7EE0A}.Debug|Any CPU.Deploy.0 = Debug|Any CPU
		{CD3FE7EC-490D-EB17-ADA5-80DE05B7EE0A}.Release|Any CPU.ActiveCfg = Release|Any CPU
		{CD3FE7EC-490D-EB17-ADA5-80DE05B7EE0A}.Release|Any CPU.Build.0 = Release|Any CPU
		{CD3FE7EC-490D-EB17-ADA5-80DE05B7EE0A}.Release|Any CPU.Deploy.0 = Release|Any CPU
		{4230911E-C472-F051-40E7-0A2E5EEED926}.Debug|Any CPU.ActiveCfg = Debug|Any CPU
		{4230911E-C472-F051-40E7-0A2E5EEED926}.Debug|Any CPU.Build.0 = Debug|Any CPU
		{4230911E-C472-F051-40E7-0A2E5EEED926}.Release|Any CPU.ActiveCfg = Release|Any CPU
		{4230911E-C472-F051-40E7-0A2E5EEED926}.Release|Any CPU.Build.0 = Release|Any CPU
		{1DBBA819-3DCD-D220-04D7-6B546443977E}.Debug|Any CPU.ActiveCfg = Debug|Any CPU
		{1DBBA819-3DCD-D220-04D7-6B546443977E}.Debug|Any CPU.Build.0 = Debug|Any CPU
		{1DBBA819-3DCD-D220-04D7-6B546443977E}.Release|Any CPU.ActiveCfg = Release|Any CPU
		{1DBBA819-3DCD-D220-04D7-6B546443977E}.Release|Any CPU.Build.0 = Release|Any CPU
		{2744C03F-BDC1-48AC-B8F4-6EA0138DCDA9}.Debug|Any CPU.ActiveCfg = Debug|Any CPU
		{2744C03F-BDC1-48AC-B8F4-6EA0138DCDA9}.Debug|Any CPU.Build.0 = Debug|Any CPU
		{2744C03F-BDC1-48AC-B8F4-6EA0138DCDA9}.Release|Any CPU.ActiveCfg = Release|Any CPU
		{2744C03F-BDC1-48AC-B8F4-6EA0138DCDA9}.Release|Any CPU.Build.0 = Release|Any CPU
		{A31CE849-5685-45FE-B851-B6C1E771902B}.Debug|Any CPU.ActiveCfg = Debug|Any CPU
		{A31CE849-5685-45FE-B851-B6C1E771902B}.Debug|Any CPU.Build.0 = Debug|Any CPU
		{A31CE849-5685-45FE-B851-B6C1E771902B}.Release|Any CPU.ActiveCfg = Release|Any CPU
		{A31CE849-5685-45FE-B851-B6C1E771902B}.Release|Any CPU.Build.0 = Release|Any CPU
		{47387714-A711-4890-8137-DD3D37E895ED}.Debug|Any CPU.ActiveCfg = Debug|Any CPU
		{47387714-A711-4890-8137-DD3D37E895ED}.Debug|Any CPU.Build.0 = Debug|Any CPU
		{47387714-A711-4890-8137-DD3D37E895ED}.Debug|Any CPU.Deploy.0 = Debug|Any CPU
		{47387714-A711-4890-8137-DD3D37E895ED}.Release|Any CPU.ActiveCfg = Release|Any CPU
		{47387714-A711-4890-8137-DD3D37E895ED}.Release|Any CPU.Build.0 = Release|Any CPU
		{47387714-A711-4890-8137-DD3D37E895ED}.Release|Any CPU.Deploy.0 = Release|Any CPU
		{D4D80982-FFD0-4E86-B2DD-603EC7D10B91}.Debug|Any CPU.ActiveCfg = Debug|Any CPU
		{D4D80982-FFD0-4E86-B2DD-603EC7D10B91}.Debug|Any CPU.Build.0 = Debug|Any CPU
		{D4D80982-FFD0-4E86-B2DD-603EC7D10B91}.Release|Any CPU.ActiveCfg = Release|Any CPU
		{D4D80982-FFD0-4E86-B2DD-603EC7D10B91}.Release|Any CPU.Build.0 = Release|Any CPU
		{1209E158-BCAB-479D-AE61-50830B50CCF9}.Debug|Any CPU.ActiveCfg = Debug|Any CPU
		{1209E158-BCAB-479D-AE61-50830B50CCF9}.Debug|Any CPU.Build.0 = Debug|Any CPU
		{1209E158-BCAB-479D-AE61-50830B50CCF9}.Debug|Any CPU.Deploy.0 = Debug|Any CPU
		{1209E158-BCAB-479D-AE61-50830B50CCF9}.Release|Any CPU.ActiveCfg = Release|Any CPU
		{1209E158-BCAB-479D-AE61-50830B50CCF9}.Release|Any CPU.Build.0 = Release|Any CPU
		{1209E158-BCAB-479D-AE61-50830B50CCF9}.Release|Any CPU.Deploy.0 = Release|Any CPU
		{CAB57B68-304F-4787-8671-CE6727C80545}.Debug|Any CPU.ActiveCfg = Debug|Any CPU
		{CAB57B68-304F-4787-8671-CE6727C80545}.Debug|Any CPU.Build.0 = Debug|Any CPU
		{CAB57B68-304F-4787-8671-CE6727C80545}.Release|Any CPU.ActiveCfg = Release|Any CPU
		{CAB57B68-304F-4787-8671-CE6727C80545}.Release|Any CPU.Build.0 = Release|Any CPU
		{C7ABC798-13A7-4631-A039-0423D306B80B}.Debug|Any CPU.ActiveCfg = Debug|Any CPU
		{C7ABC798-13A7-4631-A039-0423D306B80B}.Debug|Any CPU.Build.0 = Debug|Any CPU
		{C7ABC798-13A7-4631-A039-0423D306B80B}.Release|Any CPU.ActiveCfg = Release|Any CPU
		{C7ABC798-13A7-4631-A039-0423D306B80B}.Release|Any CPU.Build.0 = Release|Any CPU
		{4224BA37-264A-4FE8-ADA5-BFE5D0CCD43B}.Debug|Any CPU.ActiveCfg = Debug|Any CPU
		{4224BA37-264A-4FE8-ADA5-BFE5D0CCD43B}.Debug|Any CPU.Build.0 = Debug|Any CPU
		{4224BA37-264A-4FE8-ADA5-BFE5D0CCD43B}.Debug|Any CPU.Deploy.0 = Debug|Any CPU
		{4224BA37-264A-4FE8-ADA5-BFE5D0CCD43B}.Release|Any CPU.ActiveCfg = Release|Any CPU
		{4224BA37-264A-4FE8-ADA5-BFE5D0CCD43B}.Release|Any CPU.Build.0 = Release|Any CPU
		{4224BA37-264A-4FE8-ADA5-BFE5D0CCD43B}.Release|Any CPU.Deploy.0 = Release|Any CPU
		{AD874E89-39D1-4ACB-8BD3-BAA84BEB17D7}.Debug|Any CPU.ActiveCfg = Debug|Any CPU
		{AD874E89-39D1-4ACB-8BD3-BAA84BEB17D7}.Debug|Any CPU.Build.0 = Debug|Any CPU
		{AD874E89-39D1-4ACB-8BD3-BAA84BEB17D7}.Release|Any CPU.ActiveCfg = Release|Any CPU
		{AD874E89-39D1-4ACB-8BD3-BAA84BEB17D7}.Release|Any CPU.Build.0 = Release|Any CPU
		{7EE7BCEA-57E0-43C1-816E-5C2BE6F848BC}.Debug|Any CPU.ActiveCfg = Debug|Any CPU
		{7EE7BCEA-57E0-43C1-816E-5C2BE6F848BC}.Debug|Any CPU.Build.0 = Debug|Any CPU
		{7EE7BCEA-57E0-43C1-816E-5C2BE6F848BC}.Debug|Any CPU.Deploy.0 = Debug|Any CPU
		{7EE7BCEA-57E0-43C1-816E-5C2BE6F848BC}.Release|Any CPU.ActiveCfg = Release|Any CPU
		{7EE7BCEA-57E0-43C1-816E-5C2BE6F848BC}.Release|Any CPU.Build.0 = Release|Any CPU
		{7EE7BCEA-57E0-43C1-816E-5C2BE6F848BC}.Release|Any CPU.Deploy.0 = Release|Any CPU
		{823A66F2-863F-487E-8733-5B1EA3174107}.Debug|Any CPU.ActiveCfg = Debug|Any CPU
		{823A66F2-863F-487E-8733-5B1EA3174107}.Debug|Any CPU.Build.0 = Debug|Any CPU
		{823A66F2-863F-487E-8733-5B1EA3174107}.Release|Any CPU.ActiveCfg = Release|Any CPU
		{823A66F2-863F-487E-8733-5B1EA3174107}.Release|Any CPU.Build.0 = Release|Any CPU
		{2888DA6B-3F0D-4CEA-AFCE-CC98247046D8}.Debug|Any CPU.ActiveCfg = Debug|Any CPU
		{2888DA6B-3F0D-4CEA-AFCE-CC98247046D8}.Debug|Any CPU.Build.0 = Debug|Any CPU
		{2888DA6B-3F0D-4CEA-AFCE-CC98247046D8}.Release|Any CPU.ActiveCfg = Release|Any CPU
		{2888DA6B-3F0D-4CEA-AFCE-CC98247046D8}.Release|Any CPU.Build.0 = Release|Any CPU
		{A001FD73-7B23-4360-994D-40D5074C052F}.Debug|Any CPU.ActiveCfg = Debug|Any CPU
		{A001FD73-7B23-4360-994D-40D5074C052F}.Debug|Any CPU.Build.0 = Debug|Any CPU
		{A001FD73-7B23-4360-994D-40D5074C052F}.Debug|Any CPU.Deploy.0 = Debug|Any CPU
		{A001FD73-7B23-4360-994D-40D5074C052F}.Release|Any CPU.ActiveCfg = Release|Any CPU
		{A001FD73-7B23-4360-994D-40D5074C052F}.Release|Any CPU.Build.0 = Release|Any CPU
		{A001FD73-7B23-4360-994D-40D5074C052F}.Release|Any CPU.Deploy.0 = Release|Any CPU
		{0FF3F08D-FBA3-4CD4-968B-EB117AB6C186}.Debug|Any CPU.ActiveCfg = Debug|Any CPU
		{0FF3F08D-FBA3-4CD4-968B-EB117AB6C186}.Debug|Any CPU.Build.0 = Debug|Any CPU
		{0FF3F08D-FBA3-4CD4-968B-EB117AB6C186}.Release|Any CPU.ActiveCfg = Release|Any CPU
		{0FF3F08D-FBA3-4CD4-968B-EB117AB6C186}.Release|Any CPU.Build.0 = Release|Any CPU
		{63ED7743-E55D-4252-B08F-BD689AD53CD1}.Debug|Any CPU.ActiveCfg = Debug|Any CPU
		{63ED7743-E55D-4252-B08F-BD689AD53CD1}.Debug|Any CPU.Build.0 = Debug|Any CPU
		{63ED7743-E55D-4252-B08F-BD689AD53CD1}.Debug|Any CPU.Deploy.0 = Debug|Any CPU
		{63ED7743-E55D-4252-B08F-BD689AD53CD1}.Release|Any CPU.ActiveCfg = Release|Any CPU
		{63ED7743-E55D-4252-B08F-BD689AD53CD1}.Release|Any CPU.Build.0 = Release|Any CPU
		{63ED7743-E55D-4252-B08F-BD689AD53CD1}.Release|Any CPU.Deploy.0 = Release|Any CPU
		{9E3D9171-89EE-4BD7-8EC6-A8339138008E}.Debug|Any CPU.ActiveCfg = Debug|Any CPU
		{9E3D9171-89EE-4BD7-8EC6-A8339138008E}.Debug|Any CPU.Build.0 = Debug|Any CPU
		{9E3D9171-89EE-4BD7-8EC6-A8339138008E}.Release|Any CPU.ActiveCfg = Release|Any CPU
		{9E3D9171-89EE-4BD7-8EC6-A8339138008E}.Release|Any CPU.Build.0 = Release|Any CPU
	EndGlobalSection
	GlobalSection(SolutionProperties) = preSolution
		HideSolutionNode = FALSE
	EndGlobalSection
	GlobalSection(ExtensibilityGlobals) = postSolution
		SolutionGuid = {6FAE29EB-06CA-4969-BB53-EB1806AB471B}
	EndGlobalSection
EndGlobal
